<?xml version="1.0" encoding="utf-8"?>
<Project ToolsVersion="4.0" xmlns="http://schemas.microsoft.com/developer/msbuild/2003">
  <ItemGroup>
    <Filter Include="Source Files">
      <UniqueIdentifier>{4FC737F1-C7A5-4376-A066-2A32D752A2FF}</UniqueIdentifier>
      <Extensions>cpp;c;cc;cxx;def;odl;idl;hpj;bat;asm;asmx</Extensions>
    </Filter>
    <Filter Include="Header Files">
      <UniqueIdentifier>{93995380-89BD-4b04-88EB-625FBE52EBFB}</UniqueIdentifier>
      <Extensions>h;hh;hpp;hxx;hm;inl;inc;xsd</Extensions>
    </Filter>
    <Filter Include="Resource Files">
      <UniqueIdentifier>{D9D6E242-F8AF-46E4-B9FD-80ECBC20BA3E}</UniqueIdentifier>
      <Extensions>qrc;*</Extensions>
      <ParseFiles>false</ParseFiles>
    </Filter>
    <Filter Include="Form Files">
      <UniqueIdentifier>{99349809-55BA-4b9d-BF79-8FDBB0286EB3}</UniqueIdentifier>
      <Extensions>ui</Extensions>
    </Filter>
    <Filter Include="Resource Files">
      <UniqueIdentifier>{D9D6E242-F8AF-46E4-B9FD-80ECBC20BA3E}</UniqueIdentifier>
      <Extensions>qrc;*</Extensions>
      <ParseFiles>false</ParseFiles>
    </Filter>
    <Filter Include="Generated Files">
      <UniqueIdentifier>{71ED8ED8-ACB9-4CE9-BBE1-E00B30144E11}</UniqueIdentifier>
      <Extensions>moc;h;cpp</Extensions>
      <SourceControlFiles>False</SourceControlFiles>
    </Filter>
  </ItemGroup>
  <ItemGroup>
    <ClCompile Include="main.cpp">
      <Filter>Source Files</Filter>
    </ClCompile>
    <ClCompile Include="QtGui.cpp">
      <Filter>Source Files</Filter>
    </ClCompile>
    <ClCompile Include="GeneratedFiles\Debug\moc_QtGui.cpp">
      <Filter>Generated Files</Filter>
    </ClCompile>
    <ClCompile Include="GeneratedFiles\Release\moc_QtGui.cpp">
      <Filter>Generated Files</Filter>
    </ClCompile>
    <ClCompile Include="GeneratedFiles\qrc_QtGui.cpp">
      <Filter>Generated Files</Filter>
    </ClCompile>
    <ClCompile Include="GeneratedFiles\Debug\moc_ChangeGuns.cpp">
      <Filter>Generated Files</Filter>
    </ClCompile>
    <ClCompile Include="GeneratedFiles\Release\moc_ChangeGuns.cpp">
      <Filter>Generated Files</Filter>
    </ClCompile>
    <ClCompile Include="GeneratedFiles\Debug\moc_ConvoyMenu.cpp">
      <Filter>Generated Files</Filter>
    </ClCompile>
    <ClCompile Include="GeneratedFiles\Release\moc_ConvoyMenu.cpp">
      <Filter>Generated Files</Filter>
    </ClCompile>
    <ClCompile Include="GeneratedFiles\Debug\moc_InfoShip.cpp">
      <Filter>Generated Files</Filter>
    </ClCompile>
    <ClCompile Include="GeneratedFiles\Release\moc_InfoShip.cpp">
      <Filter>Generated Files</Filter>
    </ClCompile>
    <ClCompile Include="GeneratedFiles\Debug\moc_ModernShip.cpp">
      <Filter>Generated Files</Filter>
    </ClCompile>
    <ClCompile Include="GeneratedFiles\Release\moc_ModernShip.cpp">
      <Filter>Generated Files</Filter>
    </ClCompile>
    <ClCompile Include="GeneratedFiles\Debug\moc_MyGraphics.cpp">
      <Filter>Generated Files</Filter>
    </ClCompile>
    <ClCompile Include="GeneratedFiles\Release\moc_MyGraphics.cpp">
      <Filter>Generated Files</Filter>
    </ClCompile>
    <ClCompile Include="GeneratedFiles\Debug\moc_NewShip.cpp">
      <Filter>Generated Files</Filter>
    </ClCompile>
    <ClCompile Include="GeneratedFiles\Release\moc_NewShip.cpp">
      <Filter>Generated Files</Filter>
    </ClCompile>
    <ClCompile Include="GeneratedFiles\Debug\moc_Sea.cpp">
      <Filter>Generated Files</Filter>
    </ClCompile>
    <ClCompile Include="GeneratedFiles\Release\moc_Sea.cpp">
      <Filter>Generated Files</Filter>
    </ClCompile>
    <ClCompile Include="ChangeGuns.cpp">
      <Filter>Source Files</Filter>
    </ClCompile>
    <ClCompile Include="ConvoyMenu.cpp">
      <Filter>Source Files</Filter>
    </ClCompile>
    <ClCompile Include="InfoShip.cpp">
      <Filter>Source Files</Filter>
    </ClCompile>
    <ClCompile Include="ModernShip.cpp">
      <Filter>Source Files</Filter>
    </ClCompile>
    <ClCompile Include="MyGraphics.cpp">
      <Filter>Source Files</Filter>
    </ClCompile>
    <ClCompile Include="NewShip.cpp">
      <Filter>Source Files</Filter>
    </ClCompile>
    <ClCompile Include="Sea.cpp">
      <Filter>Source Files</Filter>
    </ClCompile>
    <ClCompile Include="GeneratedFiles\Debug\moc_MyScene.cpp">
      <Filter>Generated Files</Filter>
    </ClCompile>
    <ClCompile Include="GeneratedFiles\Release\moc_MyScene.cpp">
      <Filter>Generated Files</Filter>
    </ClCompile>
    <ClCompile Include="Input2Index.cpp">
      <Filter>Source Files</Filter>
    </ClCompile>
    <ClCompile Include="MyScene.cpp">
      <Filter>Source Files</Filter>
    </ClCompile>
    <ClCompile Include="GeneratedFiles\Debug\moc_Input2Index.cpp">
      <Filter>Generated Files</Filter>
    </ClCompile>
    <ClCompile Include="GeneratedFiles\Release\moc_Input2Index.cpp">
      <Filter>Generated Files</Filter>
    </ClCompile>
  </ItemGroup>
  <ItemGroup>
    <CustomBuild Include="QtGui.h">
      <Filter>Header Files</Filter>
    </CustomBuild>
    <CustomBuild Include="QtGui.ui">
      <Filter>Form Files</Filter>
    </CustomBuild>
    <CustomBuild Include="QtGui.qrc">
      <Filter>Resource Files</Filter>
    </CustomBuild>
    <CustomBuild Include="ChangeGuns.ui">
      <Filter>Form Files</Filter>
    </CustomBuild>
    <CustomBuild Include="ConvoyMenu.ui">
      <Filter>Form Files</Filter>
    </CustomBuild>
    <CustomBuild Include="InfoShip.ui">
      <Filter>Form Files</Filter>
    </CustomBuild>
    <CustomBuild Include="ModernShip.ui">
      <Filter>Form Files</Filter>
    </CustomBuild>
    <CustomBuild Include="NewShip.ui">
      <Filter>Form Files</Filter>
    </CustomBuild>
    <CustomBuild Include="Sea.ui">
      <Filter>Form Files</Filter>
    </CustomBuild>
    <CustomBuild Include="ChangeGuns.h">
      <Filter>Header Files</Filter>
    </CustomBuild>
    <CustomBuild Include="ConvoyMenu.h">
      <Filter>Header Files</Filter>
    </CustomBuild>
    <CustomBuild Include="InfoShip.h">
      <Filter>Header Files</Filter>
    </CustomBuild>
    <CustomBuild Include="ModernShip.h">
      <Filter>Header Files</Filter>
    </CustomBuild>
    <CustomBuild Include="MyGraphics.h">
      <Filter>Header Files</Filter>
    </CustomBuild>
    <CustomBuild Include="NewShip.h">
      <Filter>Header Files</Filter>
    </CustomBuild>
    <CustomBuild Include="Sea.h">
      <Filter>Header Files</Filter>
    </CustomBuild>
    <CustomBuild Include="Input2Index.h">
      <Filter>Header Files</Filter>
    </CustomBuild>
    <CustomBuild Include="MyScene.h">
      <Filter>Header Files</Filter>
    </CustomBuild>
    <CustomBuild Include="Input2Index.ui">
      <Filter>Form Files</Filter>
    </CustomBuild>
  </ItemGroup>
  <ItemGroup>
    <ClInclude Include="GeneratedFiles\ui_QtGui.h">
      <Filter>Generated Files</Filter>
    </ClInclude>
    <ClInclude Include="GeneratedFiles\ui_ChangeGuns.h">
      <Filter>Generated Files</Filter>
    </ClInclude>
    <ClInclude Include="GeneratedFiles\ui_ConvoyMenu.h">
      <Filter>Generated Files</Filter>
    </ClInclude>
    <ClInclude Include="GeneratedFiles\ui_InfoShip.h">
      <Filter>Generated Files</Filter>
    </ClInclude>
    <ClInclude Include="GeneratedFiles\ui_ModernShip.h">
      <Filter>Generated Files</Filter>
    </ClInclude>
    <ClInclude Include="GeneratedFiles\ui_NewShip.h">
      <Filter>Generated Files</Filter>
    </ClInclude>
    <ClInclude Include="GeneratedFiles\ui_Sea.h">
      <Filter>Generated Files</Filter>
    </ClInclude>
    <ClInclude Include="Variable.h">
      <Filter>Header Files</Filter>
    </ClInclude>
    <ClInclude Include="GeneratedFiles\ui_Input2Index.h">
      <Filter>Generated Files</Filter>
    </ClInclude>
  </ItemGroup>
  <ItemGroup>
    <Image Include="Back.jpg">
      <Filter>Resource Files</Filter>
    </Image>
    <Image Include="Convoy.jpg">
      <Filter>Resource Files</Filter>
    </Image>
    <Image Include="Guard.jpg">
      <Filter>Resource Files</Filter>
    </Image>
    <Image Include="Sea.jpg">
      <Filter>Resource Files</Filter>
    </Image>
    <Image Include="Ship.jpg">
      <Filter>Resource Files</Filter>
    </Image>
    <Image Include="Start.jpg">
      <Filter>Resource Files</Filter>
    </Image>
    <Image Include="Transport.jpg">
      <Filter>Resource Files</Filter>
    </Image>
    <Image Include="Warship.jpg">
      <Filter>Resource Files</Filter>
    </Image>
  </ItemGroup>
</Project>